
Microsoft Visual Studio Solution File, Format Version 12.00
# Visual Studio Version 17
VisualStudioVersion = 17.11.35327.3
MinimumVisualStudioVersion = 10.0.40219.1
Project("{9A19103F-16F7-4668-BE54-9A1E7A4F7556}") = "MeterReadingsApi", "MeterReadingsApi\MeterReadingsApi.csproj", "{7EBF84ED-EF9B-4A1B-83F8-977F8B81452D}"
EndProject
Project("{9A19103F-16F7-4668-BE54-9A1E7A4F7556}") = "MeterReadingsApi.Services", "MeterReadingsApi.Services\MeterReadingsApi.Services.csproj", "{52B7979B-FE66-4AF4-B5ED-2D869D303D07}"
EndProject
Project("{9A19103F-16F7-4668-BE54-9A1E7A4F7556}") = "MeterReadingsApi.Storage", "MeterReadingsApi.Storage\MeterReadingsApi.Storage.csproj", "{FC921A62-51F0-460D-A262-6409003E6087}"
EndProject
Project("{FAE04EC0-301F-11D3-BF4B-00C04F79EFBC}") = "MeterReadingsApi.Services.Tests", "MeterReadingsApi.Services.Tests\MeterReadingsApi.Services.Tests.csproj", "{222518FC-1DEF-4111-93D6-B8A26FD1DD5A}"
EndProject
Global
	GlobalSection(SolutionConfigurationPlatforms) = preSolution
		Debug|Any CPU = Debug|Any CPU
		Release|Any CPU = Release|Any CPU
	EndGlobalSection
	GlobalSection(ProjectConfigurationPlatforms) = postSolution
		{7EBF84ED-EF9B-4A1B-83F8-977F8B81452D}.Debug|Any CPU.ActiveCfg = Debug|Any CPU
		{7EBF84ED-EF9B-4A1B-83F8-977F8B81452D}.Debug|Any CPU.Build.0 = Debug|Any CPU
		{7EBF84ED-EF9B-4A1B-83F8-977F8B81452D}.Release|Any CPU.ActiveCfg = Release|Any CPU
		{7EBF84ED-EF9B-4A1B-83F8-977F8B81452D}.Release|Any CPU.Build.0 = Release|Any CPU
		{52B7979B-FE66-4AF4-B5ED-2D869D303D07}.Debug|Any CPU.ActiveCfg = Debug|Any CPU
		{52B7979B-FE66-4AF4-B5ED-2D869D303D07}.Debug|Any CPU.Build.0 = Debug|Any CPU
		{52B7979B-FE66-4AF4-B5ED-2D869D303D07}.Release|Any CPU.ActiveCfg = Release|Any CPU
		{52B7979B-FE66-4AF4-B5ED-2D869D303D07}.Release|Any CPU.Build.0 = Release|Any CPU
		{FC921A62-51F0-460D-A262-6409003E6087}.Debug|Any CPU.ActiveCfg = Debug|Any CPU
		{FC921A62-51F0-460D-A262-6409003E6087}.Debug|Any CPU.Build.0 = Debug|Any CPU
		{FC921A62-51F0-460D-A262-6409003E6087}.Release|Any CPU.ActiveCfg = Release|Any CPU
		{FC921A62-51F0-460D-A262-6409003E6087}.Release|Any CPU.Build.0 = Release|Any CPU
		{222518FC-1DEF-4111-93D6-B8A26FD1DD5A}.Debug|Any CPU.ActiveCfg = Debug|Any CPU
		{222518FC-1DEF-4111-93D6-B8A26FD1DD5A}.Debug|Any CPU.Build.0 = Debug|Any CPU
		{222518FC-1DEF-4111-93D6-B8A26FD1DD5A}.Release|Any CPU.ActiveCfg = Release|Any CPU
		{222518FC-1DEF-4111-93D6-B8A26FD1DD5A}.Release|Any CPU.Build.0 = Release|Any CPU
	EndGlobalSection
	GlobalSection(SolutionProperties) = preSolution
		HideSolutionNode = FALSE
	EndGlobalSection
	GlobalSection(ExtensibilityGlobals) = postSolution
		SolutionGuid = {8852494F-6389-4F47-B99C-BB02266C449D}
	EndGlobalSection
EndGlobal
